Microsoft Visual Studio Solution File, Format Version 12.00
# Visual Studio Version 17
VisualStudioVersion = 17.13.35818.85
MinimumVisualStudioVersion = 10.0.40219.1
Project("{FAE04EC0-301F-11D3-BF4B-00C04F79EFBC}") = "ScreenSound", "ScreenSound\ScreenSound.csproj", "{9FBB1EA0-1BC1-413C-97D9-57D7FA608013}"
EndProject
Global
	GlobalSection(SolutionConfigurationPlatforms) = preSolution
		Debug|Any CPU = Debug|Any CPU
		Release|Any CPU = Release|Any CPU
	EndGlobalSection
	GlobalSection(ProjectConfigurationPlatforms) = postSolution
		{9FBB1EA0-1BC1-413C-97D9-57D7FA608013}.Debug|Any CPU.ActiveCfg = Debug|Any CPU
		{9FBB1EA0-1BC1-413C-97D9-57D7FA608013}.Debug|Any CPU.Build.0 = Debug|Any CPU
		{9FBB1EA0-1BC1-413C-97D9-57D7FA608013}.Release|Any CPU.ActiveCfg = Release|Any CPU
		{9FBB1EA0-1BC1-413C-97D9-57D7FA608013}.Release|Any CPU.Build.0 = Release|Any CPU
	EndGlobalSection
	GlobalSection(SolutionProperties) = preSolution
		HideSolutionNode = FALSE
	EndGlobalSection
	GlobalSection(ExtensibilityGlobals) = postSolution
		SolutionGuid = {A1712B2A-7757-45E4-96D2-434ECDF722A2}
	EndGlobalSection
EndGlobal
